
Microsoft Visual Studio Solution File, Format Version 12.00
# Visual Studio 15
VisualStudioVersion = 15.0.25807.0
MinimumVisualStudioVersion = 10.0.40219.1
Project("{2150E333-8FDC-42A3-9474-1A3956D46DE8}") = "Engine", "Engine", "{A1FECAC4-6FE5-4EA2-8CF0-E5B40E0AC67D}"
EndProject
Project("{2150E333-8FDC-42A3-9474-1A3956D46DE8}") = "Games", "Games", "{2DC3F2DE-48A1-4E96-AA92-31AC6A19C534}"
EndProject
Project("{8BC9CEB8-8B4A-11D0-8D11-00A0C91BC942}") = "UE4", "Intermediate\ProjectFiles\UE4.vcxproj", "{3EF9A8E5-38EC-4CC3-8619-2CE6F2CFC9D7}"
EndProject
Project("{8BC9CEB8-8B4A-11D0-8D11-00A0C91BC942}") = "buildingescape01", "Intermediate\ProjectFiles\buildingescape01.vcxproj", "{9349642E-6836-4A4E-91D7-2580CB65AEBE}"
EndProject
Project("{2150E333-8FDC-42A3-9474-1A3956D46DE8}") = "Visualizers", "Visualizers", "{709AA705-1E0F-449C-9D07-99F893BD4B41}"
	ProjectSection(SolutionItems) = preProject
		C:\Program Files\Epic Games\UE_4.22\Engine\Extras\VisualStudioDebugging\UE4.natvis = C:\Program Files\Epic Games\UE_4.22\Engine\Extras\VisualStudioDebugging\UE4.natvis
	EndProjectSection
EndProject
Global
	GlobalSection(SolutionConfigurationPlatforms) = preSolution
		DebugGame Editor|HTML5 = DebugGame Editor|HTML5
		DebugGame Editor|Win32 = DebugGame Editor|Win32
		DebugGame Editor|Win64 = DebugGame Editor|Win64
		DebugGame|HTML5 = DebugGame|HTML5
		DebugGame|Win32 = DebugGame|Win32
		DebugGame|Win64 = DebugGame|Win64
		Development Editor|HTML5 = Development Editor|HTML5
		Development Editor|Win32 = Development Editor|Win32
		Development Editor|Win64 = Development Editor|Win64
		Development|HTML5 = Development|HTML5
		Development|Win32 = Development|Win32
		Development|Win64 = Development|Win64
		Shipping|HTML5 = Shipping|HTML5
		Shipping|Win32 = Shipping|Win32
		Shipping|Win64 = Shipping|Win64
	EndGlobalSection
	GlobalSection(ProjectConfigurationPlatforms) = postSolution
		{3EF9A8E5-38EC-4CC3-8619-2CE6F2CFC9D7}.DebugGame Editor|HTML5.ActiveCfg = BuiltWithUnrealBuildTool|Win32
		{3EF9A8E5-38EC-4CC3-8619-2CE6F2CFC9D7}.DebugGame Editor|Win32.ActiveCfg = BuiltWithUnrealBuildTool|Win32
		{3EF9A8E5-38EC-4CC3-8619-2CE6F2CFC9D7}.DebugGame Editor|Win64.ActiveCfg = BuiltWithUnrealBuildTool|Win32
		{3EF9A8E5-38EC-4CC3-8619-2CE6F2CFC9D7}.DebugGame|HTML5.ActiveCfg = BuiltWithUnrealBuildTool|Win32
		{3EF9A8E5-38EC-4CC3-8619-2CE6F2CFC9D7}.DebugGame|Win32.ActiveCfg = BuiltWithUnrealBuildTool|Win32
		{3EF9A8E5-38EC-4CC3-8619-2CE6F2CFC9D7}.DebugGame|Win64.ActiveCfg = BuiltWithUnrealBuildTool|Win32
		{3EF9A8E5-38EC-4CC3-8619-2CE6F2CFC9D7}.Development Editor|HTML5.ActiveCfg = BuiltWithUnrealBuildTool|Win32
		{3EF9A8E5-38EC-4CC3-8619-2CE6F2CFC9D7}.Development Editor|Win32.ActiveCfg = BuiltWithUnrealBuildTool|Win32
		{3EF9A8E5-38EC-4CC3-8619-2CE6F2CFC9D7}.Development Editor|Win64.ActiveCfg = BuiltWithUnrealBuildTool|Win32
		{3EF9A8E5-38EC-4CC3-8619-2CE6F2CFC9D7}.Development|HTML5.ActiveCfg = BuiltWithUnrealBuildTool|Win32
		{3EF9A8E5-38EC-4CC3-8619-2CE6F2CFC9D7}.Development|Win32.ActiveCfg = BuiltWithUnrealBuildTool|Win32
		{3EF9A8E5-38EC-4CC3-8619-2CE6F2CFC9D7}.Development|Win64.ActiveCfg = BuiltWithUnrealBuildTool|Win32
		{3EF9A8E5-38EC-4CC3-8619-2CE6F2CFC9D7}.Shipping|HTML5.ActiveCfg = BuiltWithUnrealBuildTool|Win32
		{3EF9A8E5-38EC-4CC3-8619-2CE6F2CFC9D7}.Shipping|Win32.ActiveCfg = BuiltWithUnrealBuildTool|Win32
		{3EF9A8E5-38EC-4CC3-8619-2CE6F2CFC9D7}.Shipping|Win64.ActiveCfg = BuiltWithUnrealBuildTool|Win32
		{9349642E-6836-4A4E-91D7-2580CB65AEBE}.DebugGame Editor|HTML5.ActiveCfg = Invalid|Win32
		{9349642E-6836-4A4E-91D7-2580CB65AEBE}.DebugGame Editor|Win32.ActiveCfg = Invalid|Win32
		{9349642E-6836-4A4E-91D7-2580CB65AEBE}.DebugGame Editor|Win64.ActiveCfg = DebugGame_Editor|x64
		{9349642E-6836-4A4E-91D7-2580CB65AEBE}.DebugGame Editor|Win64.Build.0 = DebugGame_Editor|x64
		{9349642E-6836-4A4E-91D7-2580CB65AEBE}.DebugGame|HTML5.ActiveCfg = HTML5_DebugGame|Win32
		{9349642E-6836-4A4E-91D7-2580CB65AEBE}.DebugGame|HTML5.Build.0 = HTML5_DebugGame|Win32
		{9349642E-6836-4A4E-91D7-2580CB65AEBE}.DebugGame|Win32.ActiveCfg = DebugGame|Win32
		{9349642E-6836-4A4E-91D7-2580CB65AEBE}.DebugGame|Win32.Build.0 = DebugGame|Win32
		{9349642E-6836-4A4E-91D7-2580CB65AEBE}.DebugGame|Win64.ActiveCfg = DebugGame|x64
		{9349642E-6836-4A4E-91D7-2580CB65AEBE}.DebugGame|Win64.Build.0 = DebugGame|x64
		{9349642E-6836-4A4E-91D7-2580CB65AEBE}.Development Editor|HTML5.ActiveCfg = Invalid|Win32
		{9349642E-6836-4A4E-91D7-2580CB65AEBE}.Development Editor|Win32.ActiveCfg = Invalid|Win32
		{9349642E-6836-4A4E-91D7-2580CB65AEBE}.Development Editor|Win64.ActiveCfg = Development_Editor|x64
		{9349642E-6836-4A4E-91D7-2580CB65AEBE}.Development Editor|Win64.Build.0 = Development_Editor|x64
		{9349642E-6836-4A4E-91D7-2580CB65AEBE}.Development|HTML5.ActiveCfg = HTML5_Development|Win32
		{9349642E-6836-4A4E-91D7-2580CB65AEBE}.Development|HTML5.Build.0 = HTML5_Development|Win32
		{9349642E-6836-4A4E-91D7-2580CB65AEBE}.Development|Win32.ActiveCfg = Development|Win32
		{9349642E-6836-4A4E-91D7-2580CB65AEBE}.Development|Win32.Build.0 = Development|Win32
		{9349642E-6836-4A4E-91D7-2580CB65AEBE}.Development|Win64.ActiveCfg = Development|x64
		{9349642E-6836-4A4E-91D7-2580CB65AEBE}.Development|Win64.Build.0 = Development|x64
		{9349642E-6836-4A4E-91D7-2580CB65AEBE}.Shipping|HTML5.ActiveCfg = HTML5_Shipping|Win32
		{9349642E-6836-4A4E-91D7-2580CB65AEBE}.Shipping|HTML5.Build.0 = HTML5_Shipping|Win32
		{9349642E-6836-4A4E-91D7-2580CB65AEBE}.Shipping|Win32.ActiveCfg = Shipping|Win32
		{9349642E-6836-4A4E-91D7-2580CB65AEBE}.Shipping|Win32.Build.0 = Shipping|Win32
		{9349642E-6836-4A4E-91D7-2580CB65AEBE}.Shipping|Win64.ActiveCfg = Shipping|x64
		{9349642E-6836-4A4E-91D7-2580CB65AEBE}.Shipping|Win64.Build.0 = Shipping|x64
	EndGlobalSection
	GlobalSection(SolutionProperties) = preSolution
		HideSolutionNode = FALSE
	EndGlobalSection
	GlobalSection(NestedProjects) = preSolution
		{3EF9A8E5-38EC-4CC3-8619-2CE6F2CFC9D7} = {A1FECAC4-6FE5-4EA2-8CF0-E5B40E0AC67D}
		{9349642E-6836-4A4E-91D7-2580CB65AEBE} = {2DC3F2DE-48A1-4E96-AA92-31AC6A19C534}
	EndGlobalSection
EndGlobal
